// !$*UTF8*$!
{
	archiveVersion = 1;
	classes = {
	};
	objectVersion = 51;
	objects = {

/* Begin PBXBuildFile section */
		2C1E0DB326DE8CA900DC2412 /* AppDelegate.swift in Sources */ = {isa = PBXBuildFile; fileRef = 2C1E0DB226DE8CA900DC2412 /* AppDelegate.swift */; };
		2C1E0DB526DE8CA900DC2412 /* SceneDelegate.swift in Sources */ = {isa = PBXBuildFile; fileRef = 2C1E0DB426DE8CA900DC2412 /* SceneDelegate.swift */; };
		2C1E0DBC26DE8CAC00DC2412 /* Assets.xcassets in Resources */ = {isa = PBXBuildFile; fileRef = 2C1E0DBB26DE8CAC00DC2412 /* Assets.xcassets */; };
		2C1E0DBF26DE8CAC00DC2412 /* LaunchScreen.storyboard in Resources */ = {isa = PBXBuildFile; fileRef = 2C1E0DBD26DE8CAC00DC2412 /* LaunchScreen.storyboard */; };
		2C1E0DCE26DE8D9D00DC2412 /* Coordinator.swift in Sources */ = {isa = PBXBuildFile; fileRef = 2C1E0DCD26DE8D9D00DC2412 /* Coordinator.swift */; };
		2C1E0DD026DE8DFB00DC2412 /* RootCoordinator.swift in Sources */ = {isa = PBXBuildFile; fileRef = 2C1E0DCF26DE8DFB00DC2412 /* RootCoordinator.swift */; };
		2C1E0DDA26DE927F00DC2412 /* ConstraintsExtension.swift in Sources */ = {isa = PBXBuildFile; fileRef = 2C1E0DD826DE927E00DC2412 /* ConstraintsExtension.swift */; };
		2C1E0DDB26DE927F00DC2412 /* UIViewControllerExtension.swift in Sources */ = {isa = PBXBuildFile; fileRef = 2C1E0DD926DE927F00DC2412 /* UIViewControllerExtension.swift */; };
		2C6CB2C426E0BE1B00806BAD /* HomeViewController.swift in Sources */ = {isa = PBXBuildFile; fileRef = 2C6CB2C026E0BE1B00806BAD /* HomeViewController.swift */; };
		2C6CB2C526E0BE1B00806BAD /* HomeView.swift in Sources */ = {isa = PBXBuildFile; fileRef = 2C6CB2C126E0BE1B00806BAD /* HomeView.swift */; };
		2C6CB2C626E0BE1B00806BAD /* HomeViewModel.swift in Sources */ = {isa = PBXBuildFile; fileRef = 2C6CB2C226E0BE1B00806BAD /* HomeViewModel.swift */; };
		2C6CB2C726E0BE1B00806BAD /* HomeViewController.storyboard in Resources */ = {isa = PBXBuildFile; fileRef = 2C6CB2C326E0BE1B00806BAD /* HomeViewController.storyboard */; };
		2C6CB2CD26E0BE2C00806BAD /* SettingsViewController.swift in Sources */ = {isa = PBXBuildFile; fileRef = 2C6CB2C826E0BE2C00806BAD /* SettingsViewController.swift */; };
		2C6CB2CE26E0BE2C00806BAD /* SettingsViewController.storyboard in Resources */ = {isa = PBXBuildFile; fileRef = 2C6CB2C926E0BE2C00806BAD /* SettingsViewController.storyboard */; };
		2C6CB2CF26E0BE2C00806BAD /* SettingsViewModel.swift in Sources */ = {isa = PBXBuildFile; fileRef = 2C6CB2CA26E0BE2C00806BAD /* SettingsViewModel.swift */; };
		2C6CB2D026E0BE2C00806BAD /* SettingsView.swift in Sources */ = {isa = PBXBuildFile; fileRef = 2C6CB2CB26E0BE2C00806BAD /* SettingsView.swift */; };
		2C6CB2D126E0BE2C00806BAD /* SettingsCoordinator.swift in Sources */ = {isa = PBXBuildFile; fileRef = 2C6CB2CC26E0BE2C00806BAD /* SettingsCoordinator.swift */; };
		2C6CB2D626E0BE4900806BAD /* SearchViewController.storyboard in Resources */ = {isa = PBXBuildFile; fileRef = 2C6CB2D226E0BE4900806BAD /* SearchViewController.storyboard */; };
		2C6CB2D726E0BE4900806BAD /* SearchViewModel.swift in Sources */ = {isa = PBXBuildFile; fileRef = 2C6CB2D326E0BE4900806BAD /* SearchViewModel.swift */; };
		2C6CB2D826E0BE4900806BAD /* SearchViewController.swift in Sources */ = {isa = PBXBuildFile; fileRef = 2C6CB2D426E0BE4900806BAD /* SearchViewController.swift */; };
		2C6CB2D926E0BE4900806BAD /* SearchView.swift in Sources */ = {isa = PBXBuildFile; fileRef = 2C6CB2D526E0BE4900806BAD /* SearchView.swift */; };
		2C6CB2DB26E0BE6700806BAD /* Weather.swift in Sources */ = {isa = PBXBuildFile; fileRef = 2C6CB2DA26E0BE6700806BAD /* Weather.swift */; };
		2C6CB2DD26E0BEC600806BAD /* ViewController.swift in Sources */ = {isa = PBXBuildFile; fileRef = 2C6CB2DC26E0BEC500806BAD /* ViewController.swift */; };
		2C6CB2DF26E0BEF000806BAD /* Main.storyboard in Resources */ = {isa = PBXBuildFile; fileRef = 2C6CB2DE26E0BEF000806BAD /* Main.storyboard */; };
		2C6CB2E126E0BF1400806BAD /* HomeCoordinator.swift in Sources */ = {isa = PBXBuildFile; fileRef = 2C6CB2E026E0BF1400806BAD /* HomeCoordinator.swift */; };
		2C6CB2E326E0BF4A00806BAD /* SearchCoordinator.swift in Sources */ = {isa = PBXBuildFile; fileRef = 2C6CB2E226E0BF4A00806BAD /* SearchCoordinator.swift */; };
		2C6CB2E526E0D16D00806BAD /* NavigationBarExtension.swift in Sources */ = {isa = PBXBuildFile; fileRef = 2C6CB2E426E0D16D00806BAD /* NavigationBarExtension.swift */; };
		B6FD8B5D4D41B82A4EAB524A /* Pods_Weather_App.framework in Frameworks */ = {isa = PBXBuildFile; fileRef = F4A414344A5B1A61FC82A833 /* Pods_Weather_App.framework */; };
/* End PBXBuildFile section */

/* Begin PBXFileReference section */
		2C1E0DAF26DE8CA900DC2412 /* Weather App.app */ = {isa = PBXFileReference; explicitFileType = wrapper.application; includeInIndex = 0; path = "Weather App.app"; sourceTree = BUILT_PRODUCTS_DIR; };
		2C1E0DB226DE8CA900DC2412 /* AppDelegate.swift */ = {isa = PBXFileReference; lastKnownFileType = sourcecode.swift; path = AppDelegate.swift; sourceTree = "<group>"; };
		2C1E0DB426DE8CA900DC2412 /* SceneDelegate.swift */ = {isa = PBXFileReference; lastKnownFileType = sourcecode.swift; path = SceneDelegate.swift; sourceTree = "<group>"; };
		2C1E0DBB26DE8CAC00DC2412 /* Assets.xcassets */ = {isa = PBXFileReference; lastKnownFileType = folder.assetcatalog; path = Assets.xcassets; sourceTree = "<group>"; };
		2C1E0DBE26DE8CAC00DC2412 /* Base */ = {isa = PBXFileReference; lastKnownFileType = file.storyboard; name = Base; path = Base.lproj/LaunchScreen.storyboard; sourceTree = "<group>"; };
		2C1E0DC026DE8CAC00DC2412 /* Info.plist */ = {isa = PBXFileReference; lastKnownFileType = text.plist.xml; path = Info.plist; sourceTree = "<group>"; };
		2C1E0DCD26DE8D9D00DC2412 /* Coordinator.swift */ = {isa = PBXFileReference; lastKnownFileType = sourcecode.swift; path = Coordinator.swift; sourceTree = "<group>"; };
		2C1E0DCF26DE8DFB00DC2412 /* RootCoordinator.swift */ = {isa = PBXFileReference; lastKnownFileType = sourcecode.swift; path = RootCoordinator.swift; sourceTree = "<group>"; };
		2C1E0DD826DE927E00DC2412 /* ConstraintsExtension.swift */ = {isa = PBXFileReference; fileEncoding = 4; lastKnownFileType = sourcecode.swift; path = ConstraintsExtension.swift; sourceTree = "<group>"; };
		2C1E0DD926DE927F00DC2412 /* UIViewControllerExtension.swift */ = {isa = PBXFileReference; fileEncoding = 4; lastKnownFileType = sourcecode.swift; path = UIViewControllerExtension.swift; sourceTree = "<group>"; };
		2C6CB2C026E0BE1B00806BAD /* HomeViewController.swift */ = {isa = PBXFileReference; fileEncoding = 4; lastKnownFileType = sourcecode.swift; path = HomeViewController.swift; sourceTree = "<group>"; };
		2C6CB2C126E0BE1B00806BAD /* HomeView.swift */ = {isa = PBXFileReference; fileEncoding = 4; lastKnownFileType = sourcecode.swift; path = HomeView.swift; sourceTree = "<group>"; };
		2C6CB2C226E0BE1B00806BAD /* HomeViewModel.swift */ = {isa = PBXFileReference; fileEncoding = 4; lastKnownFileType = sourcecode.swift; path = HomeViewModel.swift; sourceTree = "<group>"; };
		2C6CB2C326E0BE1B00806BAD /* HomeViewController.storyboard */ = {isa = PBXFileReference; fileEncoding = 4; lastKnownFileType = file.storyboard; path = HomeViewController.storyboard; sourceTree = "<group>"; };
		2C6CB2C826E0BE2C00806BAD /* SettingsViewController.swift */ = {isa = PBXFileReference; fileEncoding = 4; lastKnownFileType = sourcecode.swift; path = SettingsViewController.swift; sourceTree = "<group>"; };
		2C6CB2C926E0BE2C00806BAD /* SettingsViewController.storyboard */ = {isa = PBXFileReference; fileEncoding = 4; lastKnownFileType = file.storyboard; path = SettingsViewController.storyboard; sourceTree = "<group>"; };
		2C6CB2CA26E0BE2C00806BAD /* SettingsViewModel.swift */ = {isa = PBXFileReference; fileEncoding = 4; lastKnownFileType = sourcecode.swift; path = SettingsViewModel.swift; sourceTree = "<group>"; };
		2C6CB2CB26E0BE2C00806BAD /* SettingsView.swift */ = {isa = PBXFileReference; fileEncoding = 4; lastKnownFileType = sourcecode.swift; path = SettingsView.swift; sourceTree = "<group>"; };
		2C6CB2CC26E0BE2C00806BAD /* SettingsCoordinator.swift */ = {isa = PBXFileReference; fileEncoding = 4; lastKnownFileType = sourcecode.swift; path = SettingsCoordinator.swift; sourceTree = "<group>"; };
		2C6CB2D226E0BE4900806BAD /* SearchViewController.storyboard */ = {isa = PBXFileReference; fileEncoding = 4; lastKnownFileType = file.storyboard; path = SearchViewController.storyboard; sourceTree = "<group>"; };
		2C6CB2D326E0BE4900806BAD /* SearchViewModel.swift */ = {isa = PBXFileReference; fileEncoding = 4; lastKnownFileType = sourcecode.swift; path = SearchViewModel.swift; sourceTree = "<group>"; };
		2C6CB2D426E0BE4900806BAD /* SearchViewController.swift */ = {isa = PBXFileReference; fileEncoding = 4; lastKnownFileType = sourcecode.swift; path = SearchViewController.swift; sourceTree = "<group>"; };
		2C6CB2D526E0BE4900806BAD /* SearchView.swift */ = {isa = PBXFileReference; fileEncoding = 4; lastKnownFileType = sourcecode.swift; path = SearchView.swift; sourceTree = "<group>"; };
		2C6CB2DA26E0BE6700806BAD /* Weather.swift */ = {isa = PBXFileReference; fileEncoding = 4; lastKnownFileType = sourcecode.swift; path = Weather.swift; sourceTree = "<group>"; };
		2C6CB2DC26E0BEC500806BAD /* ViewController.swift */ = {isa = PBXFileReference; fileEncoding = 4; lastKnownFileType = sourcecode.swift; path = ViewController.swift; sourceTree = "<group>"; };
		2C6CB2DE26E0BEF000806BAD /* Main.storyboard */ = {isa = PBXFileReference; fileEncoding = 4; lastKnownFileType = file.storyboard; path = Main.storyboard; sourceTree = "<group>"; };
		2C6CB2E026E0BF1400806BAD /* HomeCoordinator.swift */ = {isa = PBXFileReference; lastKnownFileType = sourcecode.swift; path = HomeCoordinator.swift; sourceTree = "<group>"; };
		2C6CB2E226E0BF4A00806BAD /* SearchCoordinator.swift */ = {isa = PBXFileReference; lastKnownFileType = sourcecode.swift; path = SearchCoordinator.swift; sourceTree = "<group>"; };
		2C6CB2E426E0D16D00806BAD /* NavigationBarExtension.swift */ = {isa = PBXFileReference; lastKnownFileType = sourcecode.swift; path = NavigationBarExtension.swift; sourceTree = "<group>"; };
		6F31620FF3566A817E728065 /* Pods-Weather App.release.xcconfig */ = {isa = PBXFileReference; includeInIndex = 1; lastKnownFileType = text.xcconfig; name = "Pods-Weather App.release.xcconfig"; path = "Target Support Files/Pods-Weather App/Pods-Weather App.release.xcconfig"; sourceTree = "<group>"; };
		C22CF3AF6DD10599F2D058A2 /* Pods-Weather App.debug.xcconfig */ = {isa = PBXFileReference; includeInIndex = 1; lastKnownFileType = text.xcconfig; name = "Pods-Weather App.debug.xcconfig"; path = "Target Support Files/Pods-Weather App/Pods-Weather App.debug.xcconfig"; sourceTree = "<group>"; };
		F4A414344A5B1A61FC82A833 /* Pods_Weather_App.framework */ = {isa = PBXFileReference; explicitFileType = wrapper.framework; includeInIndex = 0; path = Pods_Weather_App.framework; sourceTree = BUILT_PRODUCTS_DIR; };
/* End PBXFileReference section */

/* Begin PBXFrameworksBuildPhase section */
		2C1E0DAC26DE8CA900DC2412 /* Frameworks */ = {
			isa = PBXFrameworksBuildPhase;
			buildActionMask = 2147483647;
			files = (
				B6FD8B5D4D41B82A4EAB524A /* Pods_Weather_App.framework in Frameworks */,
			);
			runOnlyForDeploymentPostprocessing = 0;
		};
/* End PBXFrameworksBuildPhase section */

/* Begin PBXGroup section */
		2699E4FCD9454368E896BEC0 /* Frameworks */ = {
			isa = PBXGroup;
			children = (
				F4A414344A5B1A61FC82A833 /* Pods_Weather_App.framework */,
			);
			name = Frameworks;
			sourceTree = "<group>";
		};
		2C1E0DA626DE8CA900DC2412 = {
			isa = PBXGroup;
			children = (
				2C1E0DB126DE8CA900DC2412 /* Weather App */,
				2C1E0DB026DE8CA900DC2412 /* Products */,
				7AFADA59E6996EE793539720 /* Pods */,
				2699E4FCD9454368E896BEC0 /* Frameworks */,
			);
			sourceTree = "<group>";
		};
		2C1E0DB026DE8CA900DC2412 /* Products */ = {
			isa = PBXGroup;
			children = (
				2C1E0DAF26DE8CA900DC2412 /* Weather App.app */,
			);
			name = Products;
			sourceTree = "<group>";
		};
		2C1E0DB126DE8CA900DC2412 /* Weather App */ = {
			isa = PBXGroup;
			children = (
				2C1E0DC926DE8D5C00DC2412 /* Services */,
				2C1E0DC826DE8D5100DC2412 /* Common */,
				2C1E0DC726DE8D4C00DC2412 /* UI */,
				2C1E0DC626DE8D4600DC2412 /* Models */,
				2C1E0DB226DE8CA900DC2412 /* AppDelegate.swift */,
				2C1E0DB426DE8CA900DC2412 /* SceneDelegate.swift */,
				2C6CB2DC26E0BEC500806BAD /* ViewController.swift */,
				2C6CB2DE26E0BEF000806BAD /* Main.storyboard */,
				2C1E0DBB26DE8CAC00DC2412 /* Assets.xcassets */,
				2C1E0DBD26DE8CAC00DC2412 /* LaunchScreen.storyboard */,
				2C1E0DC026DE8CAC00DC2412 /* Info.plist */,
			);
			path = "Weather App";
			sourceTree = "<group>";
		};
		2C1E0DC626DE8D4600DC2412 /* Models */ = {
			isa = PBXGroup;
			children = (
				2C6CB2DA26E0BE6700806BAD /* Weather.swift */,
			);
			path = Models;
			sourceTree = "<group>";
		};
		2C1E0DC726DE8D4C00DC2412 /* UI */ = {
			isa = PBXGroup;
			children = (
				2C6CB2A526E0BCEB00806BAD /* HomeVC */,
				2C1E0DDE26DE93F300DC2412 /* SettingsVC */,
				2C1E0DDD26DE93EA00DC2412 /* SearchVC */,
				2C1E0DCC26DE8D8500DC2412 /* RootCoordinator */,
			);
			path = UI;
			sourceTree = "<group>";
		};
		2C1E0DC826DE8D5100DC2412 /* Common */ = {
			isa = PBXGroup;
			children = (
				2C1E0DD726DE927E00DC2412 /* Extensions */,
			);
			path = Common;
			sourceTree = "<group>";
		};
		2C1E0DC926DE8D5C00DC2412 /* Services */ = {
			isa = PBXGroup;
			children = (
			);
			path = Services;
			sourceTree = "<group>";
		};
		2C1E0DCC26DE8D8500DC2412 /* RootCoordinator */ = {
			isa = PBXGroup;
			children = (
				2C1E0DCD26DE8D9D00DC2412 /* Coordinator.swift */,
				2C1E0DCF26DE8DFB00DC2412 /* RootCoordinator.swift */,
			);
			path = RootCoordinator;
			sourceTree = "<group>";
		};
		2C1E0DD726DE927E00DC2412 /* Extensions */ = {
			isa = PBXGroup;
			children = (
				2C1E0DD826DE927E00DC2412 /* ConstraintsExtension.swift */,
				2C1E0DD926DE927F00DC2412 /* UIViewControllerExtension.swift */,
				2C6CB2E426E0D16D00806BAD /* NavigationBarExtension.swift */,
			);
			path = Extensions;
			sourceTree = "<group>";
		};
		2C1E0DDD26DE93EA00DC2412 /* SearchVC */ = {
			isa = PBXGroup;
			children = (
				2C6CB2D526E0BE4900806BAD /* SearchView.swift */,
				2C6CB2D226E0BE4900806BAD /* SearchViewController.storyboard */,
				2C6CB2D426E0BE4900806BAD /* SearchViewController.swift */,
				2C6CB2D326E0BE4900806BAD /* SearchViewModel.swift */,
				2C6CB2E226E0BF4A00806BAD /* SearchCoordinator.swift */,
			);
			path = SearchVC;
			sourceTree = "<group>";
		};
		2C1E0DDE26DE93F300DC2412 /* SettingsVC */ = {
			isa = PBXGroup;
			children = (
				2C6CB2CC26E0BE2C00806BAD /* SettingsCoordinator.swift */,
				2C6CB2CB26E0BE2C00806BAD /* SettingsView.swift */,
				2C6CB2C926E0BE2C00806BAD /* SettingsViewController.storyboard */,
				2C6CB2C826E0BE2C00806BAD /* SettingsViewController.swift */,
				2C6CB2CA26E0BE2C00806BAD /* SettingsViewModel.swift */,
			);
			path = SettingsVC;
			sourceTree = "<group>";
		};
		2C6CB2A526E0BCEB00806BAD /* HomeVC */ = {
			isa = PBXGroup;
			children = (
				2C6CB2C126E0BE1B00806BAD /* HomeView.swift */,
				2C6CB2C326E0BE1B00806BAD /* HomeViewController.storyboard */,
				2C6CB2C026E0BE1B00806BAD /* HomeViewController.swift */,
				2C6CB2C226E0BE1B00806BAD /* HomeViewModel.swift */,
				2C6CB2E026E0BF1400806BAD /* HomeCoordinator.swift */,
			);
			path = HomeVC;
			sourceTree = "<group>";
		};
		7AFADA59E6996EE793539720 /* Pods */ = {
			isa = PBXGroup;
			children = (
				C22CF3AF6DD10599F2D058A2 /* Pods-Weather App.debug.xcconfig */,
				6F31620FF3566A817E728065 /* Pods-Weather App.release.xcconfig */,
			);
			path = Pods;
			sourceTree = "<group>";
		};
/* End PBXGroup section */

/* Begin PBXNativeTarget section */
		2C1E0DAE26DE8CA900DC2412 /* Weather App */ = {
			isa = PBXNativeTarget;
			buildConfigurationList = 2C1E0DC326DE8CAC00DC2412 /* Build configuration list for PBXNativeTarget "Weather App" */;
			buildPhases = (
				74B034C4729F6398153F9B8E /* [CP] Check Pods Manifest.lock */,
				2C1E0DAB26DE8CA900DC2412 /* Sources */,
				2C1E0DAC26DE8CA900DC2412 /* Frameworks */,
				2C1E0DAD26DE8CA900DC2412 /* Resources */,
				D1A579CD194E8F48FDB967B4 /* [CP] Embed Pods Frameworks */,
			);
			buildRules = (
			);
			dependencies = (
			);
			name = "Weather App";
			productName = "Weather App";
			productReference = 2C1E0DAF26DE8CA900DC2412 /* Weather App.app */;
			productType = "com.apple.product-type.application";
		};
/* End PBXNativeTarget section */

/* Begin PBXProject section */
		2C1E0DA726DE8CA900DC2412 /* Project object */ = {
			isa = PBXProject;
			attributes = {
				LastSwiftUpdateCheck = 1250;
				LastUpgradeCheck = 1250;
				TargetAttributes = {
					2C1E0DAE26DE8CA900DC2412 = {
						CreatedOnToolsVersion = 12.5.1;
					};
				};
			};
			buildConfigurationList = 2C1E0DAA26DE8CA900DC2412 /* Build configuration list for PBXProject "Weather App" */;
			compatibilityVersion = "Xcode 9.3";
			developmentRegion = en;
			hasScannedForEncodings = 0;
			knownRegions = (
				en,
				Base,
			);
			mainGroup = 2C1E0DA626DE8CA900DC2412;
			productRefGroup = 2C1E0DB026DE8CA900DC2412 /* Products */;
			projectDirPath = "";
			projectRoot = "";
			targets = (
				2C1E0DAE26DE8CA900DC2412 /* Weather App */,
			);
		};
/* End PBXProject section */

/* Begin PBXResourcesBuildPhase section */
		2C1E0DAD26DE8CA900DC2412 /* Resources */ = {
			isa = PBXResourcesBuildPhase;
			buildActionMask = 2147483647;
			files = (
				2C6CB2CE26E0BE2C00806BAD /* SettingsViewController.storyboard in Resources */,
				2C1E0DBF26DE8CAC00DC2412 /* LaunchScreen.storyboard in Resources */,
				2C6CB2C726E0BE1B00806BAD /* HomeViewController.storyboard in Resources */,
				2C6CB2DF26E0BEF000806BAD /* Main.storyboard in Resources */,
				2C6CB2D626E0BE4900806BAD /* SearchViewController.storyboard in Resources */,
				2C1E0DBC26DE8CAC00DC2412 /* Assets.xcassets in Resources */,
			);
			runOnlyForDeploymentPostprocessing = 0;
		};
/* End PBXResourcesBuildPhase section */

/* Begin PBXShellScriptBuildPhase section */
		74B034C4729F6398153F9B8E /* [CP] Check Pods Manifest.lock */ = {
			isa = PBXShellScriptBuildPhase;
			buildActionMask = 2147483647;
			files = (
			);
			inputFileListPaths = (
			);
			inputPaths = (
				"${PODS_PODFILE_DIR_PATH}/Podfile.lock",
				"${PODS_ROOT}/Manifest.lock",
			);
			name = "[CP] Check Pods Manifest.lock";
			outputFileListPaths = (
			);
			outputPaths = (
				"$(DERIVED_FILE_DIR)/Pods-Weather App-checkManifestLockResult.txt",
			);
			runOnlyForDeploymentPostprocessing = 0;
			shellPath = /bin/sh;
			shellScript = "diff \"${PODS_PODFILE_DIR_PATH}/Podfile.lock\" \"${PODS_ROOT}/Manifest.lock\" > /dev/null\nif [ $? != 0 ] ; then\n    # print error to STDERR\n    echo \"error: The sandbox is not in sync with the Podfile.lock. Run 'pod install' or update your CocoaPods installation.\" >&2\n    exit 1\nfi\n# This output is used by Xcode 'outputs' to avoid re-running this script phase.\necho \"SUCCESS\" > \"${SCRIPT_OUTPUT_FILE_0}\"\n";
			showEnvVarsInLog = 0;
		};
		D1A579CD194E8F48FDB967B4 /* [CP] Embed Pods Frameworks */ = {
			isa = PBXShellScriptBuildPhase;
			buildActionMask = 2147483647;
			files = (
			);
			inputFileListPaths = (
				"${PODS_ROOT}/Target Support Files/Pods-Weather App/Pods-Weather App-frameworks-${CONFIGURATION}-input-files.xcfilelist",
			);
			name = "[CP] Embed Pods Frameworks";
			outputFileListPaths = (
				"${PODS_ROOT}/Target Support Files/Pods-Weather App/Pods-Weather App-frameworks-${CONFIGURATION}-output-files.xcfilelist",
			);
			runOnlyForDeploymentPostprocessing = 0;
			shellPath = /bin/sh;
			shellScript = "\"${PODS_ROOT}/Target Support Files/Pods-Weather App/Pods-Weather App-frameworks.sh\"\n";
			showEnvVarsInLog = 0;
		};
/* End PBXShellScriptBuildPhase section */

/* Begin PBXSourcesBuildPhase section */
		2C1E0DAB26DE8CA900DC2412 /* Sources */ = {
			isa = PBXSourcesBuildPhase;
			buildActionMask = 2147483647;
			files = (
				2C6CB2C626E0BE1B00806BAD /* HomeViewModel.swift in Sources */,
				2C6CB2E526E0D16D00806BAD /* NavigationBarExtension.swift in Sources */,
				2C6CB2D126E0BE2C00806BAD /* SettingsCoordinator.swift in Sources */,
				2C6CB2D726E0BE4900806BAD /* SearchViewModel.swift in Sources */,
				2C6CB2DB26E0BE6700806BAD /* Weather.swift in Sources */,
				2C6CB2D026E0BE2C00806BAD /* SettingsView.swift in Sources */,
				2C6CB2CF26E0BE2C00806BAD /* SettingsViewModel.swift in Sources */,
				2C6CB2C426E0BE1B00806BAD /* HomeViewController.swift in Sources */,
				2C1E0DDA26DE927F00DC2412 /* ConstraintsExtension.swift in Sources */,
				2C6CB2D926E0BE4900806BAD /* SearchView.swift in Sources */,
				2C6CB2D826E0BE4900806BAD /* SearchViewController.swift in Sources */,
				2C1E0DCE26DE8D9D00DC2412 /* Coordinator.swift in Sources */,
				2C1E0DD026DE8DFB00DC2412 /* RootCoordinator.swift in Sources */,
				2C6CB2DD26E0BEC600806BAD /* ViewController.swift in Sources */,
				2C1E0DB326DE8CA900DC2412 /* AppDelegate.swift in Sources */,
				2C1E0DDB26DE927F00DC2412 /* UIViewControllerExtension.swift in Sources */,
				2C1E0DB526DE8CA900DC2412 /* SceneDelegate.swift in Sources */,
				2C6CB2E326E0BF4A00806BAD /* SearchCoordinator.swift in Sources */,
				2C6CB2C526E0BE1B00806BAD /* HomeView.swift in Sources */,
				2C6CB2CD26E0BE2C00806BAD /* SettingsViewController.swift in Sources */,
				2C6CB2E126E0BF1400806BAD /* HomeCoordinator.swift in Sources */,
			);
			runOnlyForDeploymentPostprocessing = 0;
		};
/* End PBXSourcesBuildPhase section */

/* Begin PBXVariantGroup section */
		2C1E0DBD26DE8CAC00DC2412 /* LaunchScreen.storyboard */ = {
			isa = PBXVariantGroup;
			children = (
				2C1E0DBE26DE8CAC00DC2412 /* Base */,
			);
			name = LaunchScreen.storyboard;
			sourceTree = "<group>";
		};
/* End PBXVariantGroup section */

/* Begin XCBuildConfiguration section */
		2C1E0DC126DE8CAC00DC2412 /* Debug */ = {
			isa = XCBuildConfiguration;
			buildSettings = {
				ALWAYS_SEARCH_USER_PATHS = NO;
				CLANG_ANALYZER_NONNULL = YES;
				CLANG_ANALYZER_NUMBER_OBJECT_CONVERSION = YES_AGGRESSIVE;
				CLANG_CXX_LANGUAGE_STANDARD = "gnu++14";
				CLANG_CXX_LIBRARY = "libc++";
				CLANG_ENABLE_MODULES = YES;
				CLANG_ENABLE_OBJC_ARC = YES;
				CLANG_ENABLE_OBJC_WEAK = YES;
				CLANG_WARN_BLOCK_CAPTURE_AUTORELEASING = YES;
				CLANG_WARN_BOOL_CONVERSION = YES;
				CLANG_WARN_COMMA = YES;
				CLANG_WARN_CONSTANT_CONVERSION = YES;
				CLANG_WARN_DEPRECATED_OBJC_IMPLEMENTATIONS = YES;
				CLANG_WARN_DIRECT_OBJC_ISA_USAGE = YES_ERROR;
				CLANG_WARN_DOCUMENTATION_COMMENTS = YES;
				CLANG_WARN_EMPTY_BODY = YES;
				CLANG_WARN_ENUM_CONVERSION = YES;
				CLANG_WARN_INFINITE_RECURSION = YES;
				CLANG_WARN_INT_CONVERSION = YES;
				CLANG_WARN_NON_LITERAL_NULL_CONVERSION = YES;
				CLANG_WARN_OBJC_IMPLICIT_RETAIN_SELF = YES;
				CLANG_WARN_OBJC_LITERAL_CONVERSION = YES;
				CLANG_WARN_OBJC_ROOT_CLASS = YES_ERROR;
				CLANG_WARN_QUOTED_INCLUDE_IN_FRAMEWORK_HEADER = YES;
				CLANG_WARN_RANGE_LOOP_ANALYSIS = YES;
				CLANG_WARN_STRICT_PROTOTYPES = YES;
				CLANG_WARN_SUSPICIOUS_MOVE = YES;
				CLANG_WARN_UNGUARDED_AVAILABILITY = YES_AGGRESSIVE;
				CLANG_WARN_UNREACHABLE_CODE = YES;
				CLANG_WARN__DUPLICATE_METHOD_MATCH = YES;
				COPY_PHASE_STRIP = NO;
				DEBUG_INFORMATION_FORMAT = dwarf;
				ENABLE_STRICT_OBJC_MSGSEND = YES;
				ENABLE_TESTABILITY = YES;
				GCC_C_LANGUAGE_STANDARD = gnu11;
				GCC_DYNAMIC_NO_PIC = NO;
				GCC_NO_COMMON_BLOCKS = YES;
				GCC_OPTIMIZATION_LEVEL = 0;
				GCC_PREPROCESSOR_DEFINITIONS = (
					"DEBUG=1",
					"$(inherited)",
				);
				GCC_WARN_64_TO_32_BIT_CONVERSION = YES;
				GCC_WARN_ABOUT_RETURN_TYPE = YES_ERROR;
				GCC_WARN_UNDECLARED_SELECTOR = YES;
				GCC_WARN_UNINITIALIZED_AUTOS = YES_AGGRESSIVE;
				GCC_WARN_UNUSED_FUNCTION = YES;
				GCC_WARN_UNUSED_VARIABLE = YES;
				IPHONEOS_DEPLOYMENT_TARGET = 14.5;
				MTL_ENABLE_DEBUG_INFO = INCLUDE_SOURCE;
				MTL_FAST_MATH = YES;
				ONLY_ACTIVE_ARCH = YES;
				SDKROOT = iphoneos;
				SWIFT_ACTIVE_COMPILATION_CONDITIONS = DEBUG;
				SWIFT_OPTIMIZATION_LEVEL = "-Onone";
			};
			name = Debug;
		};
		2C1E0DC226DE8CAC00DC2412 /* Release */ = {
			isa = XCBuildConfiguration;
			buildSettings = {
				ALWAYS_SEARCH_USER_PATHS = NO;
				CLANG_ANALYZER_NONNULL = YES;
				CLANG_ANALYZER_NUMBER_OBJECT_CONVERSION = YES_AGGRESSIVE;
				CLANG_CXX_LANGUAGE_STANDARD = "gnu++14";
				CLANG_CXX_LIBRARY = "libc++";
				CLANG_ENABLE_MODULES = YES;
				CLANG_ENABLE_OBJC_ARC = YES;
				CLANG_ENABLE_OBJC_WEAK = YES;
				CLANG_WARN_BLOCK_CAPTURE_AUTORELEASING = YES;
				CLANG_WARN_BOOL_CONVERSION = YES;
				CLANG_WARN_COMMA = YES;
				CLANG_WARN_CONSTANT_CONVERSION = YES;
				CLANG_WARN_DEPRECATED_OBJC_IMPLEMENTATIONS = YES;
				CLANG_WARN_DIRECT_OBJC_ISA_USAGE = YES_ERROR;
				CLANG_WARN_DOCUMENTATION_COMMENTS = YES;
				CLANG_WARN_EMPTY_BODY = YES;
				CLANG_WARN_ENUM_CONVERSION = YES;
				CLANG_WARN_INFINITE_RECURSION = YES;
				CLANG_WARN_INT_CONVERSION = YES;
				CLANG_WARN_NON_LITERAL_NULL_CONVERSION = YES;
				CLANG_WARN_OBJC_IMPLICIT_RETAIN_SELF = YES;
				CLANG_WARN_OBJC_LITERAL_CONVERSION = YES;
				CLANG_WARN_OBJC_ROOT_CLASS = YES_ERROR;
				CLANG_WARN_QUOTED_INCLUDE_IN_FRAMEWORK_HEADER = YES;
				CLANG_WARN_RANGE_LOOP_ANALYSIS = YES;
				CLANG_WARN_STRICT_PROTOTYPES = YES;
				CLANG_WARN_SUSPICIOUS_MOVE = YES;
				CLANG_WARN_UNGUARDED_AVAILABILITY = YES_AGGRESSIVE;
				CLANG_WARN_UNREACHABLE_CODE = YES;
				CLANG_WARN__DUPLICATE_METHOD_MATCH = YES;
				COPY_PHASE_STRIP = NO;
				DEBUG_INFORMATION_FORMAT = "dwarf-with-dsym";
				ENABLE_NS_ASSERTIONS = NO;
				ENABLE_STRICT_OBJC_MSGSEND = YES;
				GCC_C_LANGUAGE_STANDARD = gnu11;
				GCC_NO_COMMON_BLOCKS = YES;
				GCC_WARN_64_TO_32_BIT_CONVERSION = YES;
				GCC_WARN_ABOUT_RETURN_TYPE = YES_ERROR;
				GCC_WARN_UNDECLARED_SELECTOR = YES;
				GCC_WARN_UNINITIALIZED_AUTOS = YES_AGGRESSIVE;
				GCC_WARN_UNUSED_FUNCTION = YES;
				GCC_WARN_UNUSED_VARIABLE = YES;
				IPHONEOS_DEPLOYMENT_TARGET = 14.5;
				MTL_ENABLE_DEBUG_INFO = NO;
				MTL_FAST_MATH = YES;
				SDKROOT = iphoneos;
				SWIFT_COMPILATION_MODE = wholemodule;
				SWIFT_OPTIMIZATION_LEVEL = "-O";
				VALIDATE_PRODUCT = YES;
			};
			name = Release;
		};
		2C1E0DC426DE8CAC00DC2412 /* Debug */ = {
			isa = XCBuildConfiguration;
			baseConfigurationReference = C22CF3AF6DD10599F2D058A2 /* Pods-Weather App.debug.xcconfig */;
			buildSettings = {
				ASSETCATALOG_COMPILER_APPICON_NAME = AppIcon;
				ASSETCATALOG_COMPILER_GLOBAL_ACCENT_COLOR_NAME = AccentColor;
				CODE_SIGN_STYLE = Automatic;
				DEVELOPMENT_TEAM = 66QU74C344;
				INFOPLIST_FILE = "Weather App/Info.plist";
				LD_RUNPATH_SEARCH_PATHS = (
					"$(inherited)",
					"@executable_path/Frameworks",
				);
				PRODUCT_BUNDLE_IDENTIFIER = "com.ivanstajcer.Weather-App";
				PRODUCT_NAME = "$(TARGET_NAME)";
				SWIFT_VERSION = 5.0;
				TARGETED_DEVICE_FAMILY = "1,2";
			};
			name = Debug;
		};
		2C1E0DC526DE8CAC00DC2412 /* Release */ = {
			isa = XCBuildConfiguration;
			baseConfigurationReference = 6F31620FF3566A817E728065 /* Pods-Weather App.release.xcconfig */;
			buildSettings = {
				ASSETCATALOG_COMPILER_APPICON_NAME = AppIcon;
				ASSETCATALOG_COMPILER_GLOBAL_ACCENT_COLOR_NAME = AccentColor;
				CODE_SIGN_STYLE = Automatic;
				DEVELOPMENT_TEAM = 66QU74C344;
				INFOPLIST_FILE = "Weather App/Info.plist";
				LD_RUNPATH_SEARCH_PATHS = (
					"$(inherited)",
					"@executable_path/Frameworks",
				);
				PRODUCT_BUNDLE_IDENTIFIER = "com.ivanstajcer.Weather-App";
				PRODUCT_NAME = "$(TARGET_NAME)";
				SWIFT_VERSION = 5.0;
				TARGETED_DEVICE_FAMILY = "1,2";
			};
			name = Release;
		};
/* End XCBuildConfiguration section */

/* Begin XCConfigurationList section */
		2C1E0DAA26DE8CA900DC2412 /* Build configuration list for PBXProject "Weather App" */ = {
			isa = XCConfigurationList;
			buildConfigurations = (
				2C1E0DC126DE8CAC00DC2412 /* Debug */,
				2C1E0DC226DE8CAC00DC2412 /* Release */,
			);
			defaultConfigurationIsVisible = 0;
			defaultConfigurationName = Release;
		};
		2C1E0DC326DE8CAC00DC2412 /* Build configuration list for PBXNativeTarget "Weather App" */ = {
			isa = XCConfigurationList;
			buildConfigurations = (
				2C1E0DC426DE8CAC00DC2412 /* Debug */,
				2C1E0DC526DE8CAC00DC2412 /* Release */,
			);
			defaultConfigurationIsVisible = 0;
			defaultConfigurationName = Release;
		};
/* End XCConfigurationList section */
	};
	rootObject = 2C1E0DA726DE8CA900DC2412 /* Project object */;
}
